# THIS IS AN AUTOGENERATED FILE. DO NOT EDIT THIS FILE DIRECTLY.
# yarn lockfile v1


alpha_vantage_api_wrapper@^0.1.1:
  version "0.1.1"
  resolved "https://registry.yarnpkg.com/alpha_vantage_api_wrapper/-/alpha_vantage_api_wrapper-0.1.1.tgz#985b50a286befa682cc4a71df5fdb3a3825fa53e"
  dependencies:
    axios "^0.18.0"
    joi "^14.3.1"

axios@^0.18.0:
  version "0.18.0"
  resolved "https://registry.yarnpkg.com/axios/-/axios-0.18.0.tgz#32d53e4851efdc0a11993b6cd000789d70c05102"
  dependencies:
    follow-redirects "^1.3.0"
    is-buffer "^1.1.5"

datejs@^1.0.0-rc3:
  version "1.0.0-rc3"
  resolved "https://registry.yarnpkg.com/datejs/-/datejs-1.0.0-rc3.tgz#bffa1efedefeb41fdd8a242af55afa01fb58de57"

debug@^3.2.6:
  version "3.2.6"
  resolved "https://registry.yarnpkg.com/debug/-/debug-3.2.6.tgz#e83d17de16d8a7efb7717edbe5fb10135eee629b"
  dependencies:
    ms "^2.1.1"

follow-redirects@^1.3.0:
  version "1.7.0"
  resolved "https://registry.yarnpkg.com/follow-redirects/-/follow-redirects-1.7.0.tgz#489ebc198dc0e7f64167bd23b03c4c19b5784c76"
  dependencies:
    debug "^3.2.6"

hoek@6.x.x:
  version "6.1.2"
  resolved "https://registry.yarnpkg.com/hoek/-/hoek-6.1.2.tgz#99e6d070561839de74ee427b61aa476bd6bddfd6"

is-buffer@^1.1.5:
  version "1.1.6"
  resolved "https://registry.yarnpkg.com/is-buffer/-/is-buffer-1.1.6.tgz#efaa2ea9daa0d7ab2ea13a97b2b8ad51fefbe8be"

isemail@3.x.x:
  version "3.2.0"
  resolved "https://registry.yarnpkg.com/isemail/-/isemail-3.2.0.tgz#59310a021931a9fb06bbb51e155ce0b3f236832c"
  dependencies:
    punycode "2.x.x"

joi@^14.3.1:
  version "14.3.1"
  resolved "https://registry.yarnpkg.com/joi/-/joi-14.3.1.tgz#164a262ec0b855466e0c35eea2a885ae8b6c703c"
  dependencies:
    hoek "6.x.x"
    isemail "3.x.x"
    topo "3.x.x"

ms@^2.1.1:
  version "2.1.1"
  resolved "https://registry.yarnpkg.com/ms/-/ms-2.1.1.tgz#30a5864eb3ebb0a66f2ebe6d727af06a09d86e0a"

punycode@2.x.x:
  version "2.1.1"
  resolved "https://registry.yarnpkg.com/punycode/-/punycode-2.1.1.tgz#b58b010ac40c22c5657616c8d2c2c02c7bf479ec"

topo@3.x.x:
  version "3.0.3"
  resolved "https://registry.yarnpkg.com/topo/-/topo-3.0.3.tgz#d5a67fb2e69307ebeeb08402ec2a2a6f5f7ad95c"
  dependencies:
    hoek "6.x.x"
